
Microsoft Visual Studio Solution File, Format Version 12.00
# Visual Studio Version 16
VisualStudioVersion = 16.0.31911.196
MinimumVisualStudioVersion = 10.0.40219.1
Project("{FAE04EC0-301F-11D3-BF4B-00C04F79EFBC}") = "ShoeStore", "ShoeStore\ShoeStore.csproj", "{F2ADEAF3-E046-4FCA-98B6-A5F83C7A899A}"
EndProject
Global
	GlobalSection(SolutionConfigurationPlatforms) = preSolution
		Debug|Any CPU = Debug|Any CPU
		Release|Any CPU = Release|Any CPU
	EndGlobalSection
	GlobalSection(ProjectConfigurationPlatforms) = postSolution
		{F2ADEAF3-E046-4FCA-98B6-A5F83C7A899A}.Debug|Any CPU.ActiveCfg = Debug|Any CPU
		{F2ADEAF3-E046-4FCA-98B6-A5F83C7A899A}.Debug|Any CPU.Build.0 = Debug|Any CPU
		{F2ADEAF3-E046-4FCA-98B6-A5F83C7A899A}.Release|Any CPU.ActiveCfg = Release|Any CPU
		{F2ADEAF3-E046-4FCA-98B6-A5F83C7A899A}.Release|Any CPU.Build.0 = Release|Any CPU
	EndGlobalSection
	GlobalSection(SolutionProperties) = preSolution
		HideSolutionNode = FALSE
	EndGlobalSection
	GlobalSection(ExtensibilityGlobals) = postSolution
		SolutionGuid = {3ECBEC86-4F27-41E4-BF56-2A553AE37F37}
	EndGlobalSection
EndGlobal
